
Microsoft Visual Studio Solution File, Format Version 11.00
# Visual Studio 2010
Project("{FAE04EC0-301F-11D3-BF4B-00C04F79EFBC}") = "EntidadesCompartidas", "EntidadesCompartidas\EntidadesCompartidas.csproj", "{986AAA80-E0D1-4E23-BAE1-2F6821C56927}"
EndProject
Project("{FAE04EC0-301F-11D3-BF4B-00C04F79EFBC}") = "Logica", "Logica\Logica.csproj", "{3B692578-A7B1-4E1A-A048-D85ED76B6C3F}"
EndProject
Project("{FAE04EC0-301F-11D3-BF4B-00C04F79EFBC}") = "Persistencia", "Persistencia\Persistencia.csproj", "{3CF6DAFF-B5B5-4A4D-9421-B81DAF9B8C73}"
EndProject
Project("{FAE04EC0-301F-11D3-BF4B-00C04F79EFBC}") = "Administracion", "Administracion\Administracion.csproj", "{8C736133-94CF-4FB6-A8A0-C7858F3C08A9}"
EndProject
Project("{E24C65DC-7377-472B-9ABA-BC803B73C61A}") = "WebConsultas", "WebConsultas\", "{BDF8FE15-EC78-4CD6-B263-7E7A1370C4CD}"
	ProjectSection(WebsiteProperties) = preProject
		TargetFrameworkMoniker = ".NETFramework,Version%3Dv4.0"
		Debug.AspNetCompiler.VirtualPath = "/WebConsultas"
		Debug.AspNetCompiler.PhysicalPath = "WebConsultas\"
		Debug.AspNetCompiler.TargetPath = "PrecompiledWeb\WebConsultas\"
		Debug.AspNetCompiler.Updateable = "true"
		Debug.AspNetCompiler.ForceOverwrite = "true"
		Debug.AspNetCompiler.FixedNames = "false"
		Debug.AspNetCompiler.Debug = "True"
		Release.AspNetCompiler.VirtualPath = "/WebConsultas"
		Release.AspNetCompiler.PhysicalPath = "WebConsultas\"
		Release.AspNetCompiler.TargetPath = "PrecompiledWeb\WebConsultas\"
		Release.AspNetCompiler.Updateable = "true"
		Release.AspNetCompiler.ForceOverwrite = "true"
		Release.AspNetCompiler.FixedNames = "false"
		Release.AspNetCompiler.Debug = "False"
		VWDPort = "6316"
		DefaultWebSiteLanguage = "Visual C#"
	EndProjectSection
EndProject
Project("{FAE04EC0-301F-11D3-BF4B-00C04F79EFBC}") = "ServicioWCF", "ServicioWCF\ServicioWCF.csproj", "{E7FA8808-AE04-44BA-8341-A88C383620D9}"
EndProject
Global
	GlobalSection(SolutionConfigurationPlatforms) = preSolution
		Debug|Any CPU = Debug|Any CPU
		Debug|Mixed Platforms = Debug|Mixed Platforms
		Debug|x86 = Debug|x86
		Release|Any CPU = Release|Any CPU
		Release|Mixed Platforms = Release|Mixed Platforms
		Release|x86 = Release|x86
	EndGlobalSection
	GlobalSection(ProjectConfigurationPlatforms) = postSolution
		{986AAA80-E0D1-4E23-BAE1-2F6821C56927}.Debug|Any CPU.ActiveCfg = Debug|Any CPU
		{986AAA80-E0D1-4E23-BAE1-2F6821C56927}.Debug|Any CPU.Build.0 = Debug|Any CPU
		{986AAA80-E0D1-4E23-BAE1-2F6821C56927}.Debug|Mixed Platforms.ActiveCfg = Debug|Any CPU
		{986AAA80-E0D1-4E23-BAE1-2F6821C56927}.Debug|Mixed Platforms.Build.0 = Debug|Any CPU
		{986AAA80-E0D1-4E23-BAE1-2F6821C56927}.Debug|x86.ActiveCfg = Debug|Any CPU
		{986AAA80-E0D1-4E23-BAE1-2F6821C56927}.Release|Any CPU.ActiveCfg = Release|Any CPU
		{986AAA80-E0D1-4E23-BAE1-2F6821C56927}.Release|Any CPU.Build.0 = Release|Any CPU
		{986AAA80-E0D1-4E23-BAE1-2F6821C56927}.Release|Mixed Platforms.ActiveCfg = Release|Any CPU
		{986AAA80-E0D1-4E23-BAE1-2F6821C56927}.Release|Mixed Platforms.Build.0 = Release|Any CPU
		{986AAA80-E0D1-4E23-BAE1-2F6821C56927}.Release|x86.ActiveCfg = Release|Any CPU
		{3B692578-A7B1-4E1A-A048-D85ED76B6C3F}.Debug|Any CPU.ActiveCfg = Debug|Any CPU
		{3B692578-A7B1-4E1A-A048-D85ED76B6C3F}.Debug|Any CPU.Build.0 = Debug|Any CPU
		{3B692578-A7B1-4E1A-A048-D85ED76B6C3F}.Debug|Mixed Platforms.ActiveCfg = Debug|Any CPU
		{3B692578-A7B1-4E1A-A048-D85ED76B6C3F}.Debug|Mixed Platforms.Build.0 = Debug|Any CPU
		{3B692578-A7B1-4E1A-A048-D85ED76B6C3F}.Debug|x86.ActiveCfg = Debug|Any CPU
		{3B692578-A7B1-4E1A-A048-D85ED76B6C3F}.Release|Any CPU.ActiveCfg = Release|Any CPU
		{3B692578-A7B1-4E1A-A048-D85ED76B6C3F}.Release|Any CPU.Build.0 = Release|Any CPU
		{3B692578-A7B1-4E1A-A048-D85ED76B6C3F}.Release|Mixed Platforms.ActiveCfg = Release|Any CPU
		{3B692578-A7B1-4E1A-A048-D85ED76B6C3F}.Release|Mixed Platforms.Build.0 = Release|Any CPU
		{3B692578-A7B1-4E1A-A048-D85ED76B6C3F}.Release|x86.ActiveCfg = Release|Any CPU
		{3CF6DAFF-B5B5-4A4D-9421-B81DAF9B8C73}.Debug|Any CPU.ActiveCfg = Debug|Any CPU
		{3CF6DAFF-B5B5-4A4D-9421-B81DAF9B8C73}.Debug|Any CPU.Build.0 = Debug|Any CPU
		{3CF6DAFF-B5B5-4A4D-9421-B81DAF9B8C73}.Debug|Mixed Platforms.ActiveCfg = Debug|Any CPU
		{3CF6DAFF-B5B5-4A4D-9421-B81DAF9B8C73}.Debug|Mixed Platforms.Build.0 = Debug|Any CPU
		{3CF6DAFF-B5B5-4A4D-9421-B81DAF9B8C73}.Debug|x86.ActiveCfg = Debug|Any CPU
		{3CF6DAFF-B5B5-4A4D-9421-B81DAF9B8C73}.Release|Any CPU.ActiveCfg = Release|Any CPU
		{3CF6DAFF-B5B5-4A4D-9421-B81DAF9B8C73}.Release|Any CPU.Build.0 = Release|Any CPU
		{3CF6DAFF-B5B5-4A4D-9421-B81DAF9B8C73}.Release|Mixed Platforms.ActiveCfg = Release|Any CPU
		{3CF6DAFF-B5B5-4A4D-9421-B81DAF9B8C73}.Release|Mixed Platforms.Build.0 = Release|Any CPU
		{3CF6DAFF-B5B5-4A4D-9421-B81DAF9B8C73}.Release|x86.ActiveCfg = Release|Any CPU
		{8C736133-94CF-4FB6-A8A0-C7858F3C08A9}.Debug|Any CPU.ActiveCfg = Debug|x86
		{8C736133-94CF-4FB6-A8A0-C7858F3C08A9}.Debug|Mixed Platforms.ActiveCfg = Debug|x86
		{8C736133-94CF-4FB6-A8A0-C7858F3C08A9}.Debug|Mixed Platforms.Build.0 = Debug|x86
		{8C736133-94CF-4FB6-A8A0-C7858F3C08A9}.Debug|x86.ActiveCfg = Debug|x86
		{8C736133-94CF-4FB6-A8A0-C7858F3C08A9}.Debug|x86.Build.0 = Debug|x86
		{8C736133-94CF-4FB6-A8A0-C7858F3C08A9}.Release|Any CPU.ActiveCfg = Release|x86
		{8C736133-94CF-4FB6-A8A0-C7858F3C08A9}.Release|Mixed Platforms.ActiveCfg = Release|x86
		{8C736133-94CF-4FB6-A8A0-C7858F3C08A9}.Release|Mixed Platforms.Build.0 = Release|x86
		{8C736133-94CF-4FB6-A8A0-C7858F3C08A9}.Release|x86.ActiveCfg = Release|x86
		{8C736133-94CF-4FB6-A8A0-C7858F3C08A9}.Release|x86.Build.0 = Release|x86
		{BDF8FE15-EC78-4CD6-B263-7E7A1370C4CD}.Debug|Any CPU.ActiveCfg = Debug|Any CPU
		{BDF8FE15-EC78-4CD6-B263-7E7A1370C4CD}.Debug|Any CPU.Build.0 = Debug|Any CPU
		{BDF8FE15-EC78-4CD6-B263-7E7A1370C4CD}.Debug|Mixed Platforms.ActiveCfg = Debug|Any CPU
		{BDF8FE15-EC78-4CD6-B263-7E7A1370C4CD}.Debug|Mixed Platforms.Build.0 = Debug|Any CPU
		{BDF8FE15-EC78-4CD6-B263-7E7A1370C4CD}.Debug|x86.ActiveCfg = Debug|Any CPU
		{BDF8FE15-EC78-4CD6-B263-7E7A1370C4CD}.Release|Any CPU.ActiveCfg = Debug|Any CPU
		{BDF8FE15-EC78-4CD6-B263-7E7A1370C4CD}.Release|Any CPU.Build.0 = Debug|Any CPU
		{BDF8FE15-EC78-4CD6-B263-7E7A1370C4CD}.Release|Mixed Platforms.ActiveCfg = Debug|Any CPU
		{BDF8FE15-EC78-4CD6-B263-7E7A1370C4CD}.Release|Mixed Platforms.Build.0 = Debug|Any CPU
		{BDF8FE15-EC78-4CD6-B263-7E7A1370C4CD}.Release|x86.ActiveCfg = Debug|Any CPU
		{E7FA8808-AE04-44BA-8341-A88C383620D9}.Debug|Any CPU.ActiveCfg = Debug|Any CPU
		{E7FA8808-AE04-44BA-8341-A88C383620D9}.Debug|Any CPU.Build.0 = Debug|Any CPU
		{E7FA8808-AE04-44BA-8341-A88C383620D9}.Debug|Mixed Platforms.ActiveCfg = Debug|Any CPU
		{E7FA8808-AE04-44BA-8341-A88C383620D9}.Debug|Mixed Platforms.Build.0 = Debug|Any CPU
		{E7FA8808-AE04-44BA-8341-A88C383620D9}.Debug|x86.ActiveCfg = Debug|Any CPU
		{E7FA8808-AE04-44BA-8341-A88C383620D9}.Release|Any CPU.ActiveCfg = Release|Any CPU
		{E7FA8808-AE04-44BA-8341-A88C383620D9}.Release|Any CPU.Build.0 = Release|Any CPU
		{E7FA8808-AE04-44BA-8341-A88C383620D9}.Release|Mixed Platforms.ActiveCfg = Release|Any CPU
		{E7FA8808-AE04-44BA-8341-A88C383620D9}.Release|Mixed Platforms.Build.0 = Release|Any CPU
		{E7FA8808-AE04-44BA-8341-A88C383620D9}.Release|x86.ActiveCfg = Release|Any CPU
	EndGlobalSection
	GlobalSection(SolutionProperties) = preSolution
		HideSolutionNode = FALSE
	EndGlobalSection
EndGlobal
